
Microsoft Visual Studio Solution File, Format Version 12.00
# Visual Studio Version 17
VisualStudioVersion = 17.14.36408.4
MinimumVisualStudioVersion = 10.0.40219.1
Project("{FAE04EC0-301F-11D3-BF4B-00C04F79EFBC}") = "BlazorApp.Client", "BlazorApp.Client\BlazorApp.Client.csproj", "{CA8105F3-CFCA-4512-AF5D-FB22112D6F1A}"
EndProject
Project("{FAE04EC0-301F-11D3-BF4B-00C04F79EFBC}") = "AppBlazzor.Entities", "AppBlazzor.Entities\AppBlazzor.Entities.csproj", "{BBD9A767-62CF-4988-A0D9-4906A541A8EC}"
EndProject
Global
	GlobalSection(SolutionConfigurationPlatforms) = preSolution
		Debug|Any CPU = Debug|Any CPU
		Release|Any CPU = Release|Any CPU
	EndGlobalSection
	GlobalSection(ProjectConfigurationPlatforms) = postSolution
		{CA8105F3-CFCA-4512-AF5D-FB22112D6F1A}.Debug|Any CPU.ActiveCfg = Debug|Any CPU
		{CA8105F3-CFCA-4512-AF5D-FB22112D6F1A}.Debug|Any CPU.Build.0 = Debug|Any CPU
		{CA8105F3-CFCA-4512-AF5D-FB22112D6F1A}.Release|Any CPU.ActiveCfg = Release|Any CPU
		{CA8105F3-CFCA-4512-AF5D-FB22112D6F1A}.Release|Any CPU.Build.0 = Release|Any CPU
		{BBD9A767-62CF-4988-A0D9-4906A541A8EC}.Debug|Any CPU.ActiveCfg = Debug|Any CPU
		{BBD9A767-62CF-4988-A0D9-4906A541A8EC}.Debug|Any CPU.Build.0 = Debug|Any CPU
		{BBD9A767-62CF-4988-A0D9-4906A541A8EC}.Release|Any CPU.ActiveCfg = Release|Any CPU
		{BBD9A767-62CF-4988-A0D9-4906A541A8EC}.Release|Any CPU.Build.0 = Release|Any CPU
	EndGlobalSection
	GlobalSection(SolutionProperties) = preSolution
		HideSolutionNode = FALSE
	EndGlobalSection
	GlobalSection(ExtensibilityGlobals) = postSolution
		SolutionGuid = {2196C97A-15A6-436B-856A-AAF1E5E2C9EF}
	EndGlobalSection
EndGlobal
